// !$*UTF8*$!
{
	archiveVersion = 1;
	classes = {
	};
	objectVersion = 50;
	objects = {

/* Begin PBXBuildFile section */
		8F3B1A5023EA971700B8506D /* AppDelegate.swift in Sources */ = {isa = PBXBuildFile; fileRef = 8F3B1A4F23EA971700B8506D /* AppDelegate.swift */; };
		8F3B1A5223EA971700B8506D /* SceneDelegate.swift in Sources */ = {isa = PBXBuildFile; fileRef = 8F3B1A5123EA971700B8506D /* SceneDelegate.swift */; };
		8F3B1A5423EA971700B8506D /* ContentView.swift in Sources */ = {isa = PBXBuildFile; fileRef = 8F3B1A5323EA971700B8506D /* ContentView.swift */; };
		8F3B1A5623EA971800B8506D /* Assets.xcassets in Resources */ = {isa = PBXBuildFile; fileRef = 8F3B1A5523EA971800B8506D /* Assets.xcassets */; };
		8F3B1A5923EA971800B8506D /* Preview Assets.xcassets in Resources */ = {isa = PBXBuildFile; fileRef = 8F3B1A5823EA971800B8506D /* Preview Assets.xcassets */; };
		8F3B1A5C23EA971800B8506D /* LaunchScreen.storyboard in Resources */ = {isa = PBXBuildFile; fileRef = 8F3B1A5A23EA971800B8506D /* LaunchScreen.storyboard */; };
		8F3B1A6723EA9DCD00B8506D /* PageViewController_Rep.swift in Sources */ = {isa = PBXBuildFile; fileRef = 8F3B1A6623EA9DCD00B8506D /* PageViewController_Rep.swift */; };
		8F3B1A6923EA9E2E00B8506D /* PageControl_Rep.swift in Sources */ = {isa = PBXBuildFile; fileRef = 8F3B1A6823EA9E2E00B8506D /* PageControl_Rep.swift */; };
		8F3B1A6D23EA9E9C00B8506D /* OnBoardingView.swift in Sources */ = {isa = PBXBuildFile; fileRef = 8F3B1A6C23EA9E9C00B8506D /* OnBoardingView.swift */; };
		8F3B1A6F23EA9FF500B8506D /* OnBoardingView_Subviews.swift in Sources */ = {isa = PBXBuildFile; fileRef = 8F3B1A6E23EA9FF500B8506D /* OnBoardingView_Subviews.swift */; };
		8F3B1A7423EAA18D00B8506D /* SchoolCode_SignUp.swift in Sources */ = {isa = PBXBuildFile; fileRef = 8F3B1A7323EAA18D00B8506D /* SchoolCode_SignUp.swift */; };
		8F3B1A7623EAA1A100B8506D /* Email_SignUp.swift in Sources */ = {isa = PBXBuildFile; fileRef = 8F3B1A7523EAA1A100B8506D /* Email_SignUp.swift */; };
		8F3B1A7823EAA1AF00B8506D /* Password_SignUp.swift in Sources */ = {isa = PBXBuildFile; fileRef = 8F3B1A7723EAA1AF00B8506D /* Password_SignUp.swift */; };
		8F3B1A7A23EAA1BD00B8506D /* Username_SignUp.swift in Sources */ = {isa = PBXBuildFile; fileRef = 8F3B1A7923EAA1BD00B8506D /* Username_SignUp.swift */; };
		8F3B1A7D23EAA25100B8506D /* Email_SignIn.swift in Sources */ = {isa = PBXBuildFile; fileRef = 8F3B1A7C23EAA25100B8506D /* Email_SignIn.swift */; };
/* End PBXBuildFile section */

/* Begin PBXFileReference section */
		8F3B1A4C23EA971700B8506D /* WorkYourBrain008.app */ = {isa = PBXFileReference; explicitFileType = wrapper.application; includeInIndex = 0; path = WorkYourBrain008.app; sourceTree = BUILT_PRODUCTS_DIR; };
		8F3B1A4F23EA971700B8506D /* AppDelegate.swift */ = {isa = PBXFileReference; lastKnownFileType = sourcecode.swift; path = AppDelegate.swift; sourceTree = "<group>"; };
		8F3B1A5123EA971700B8506D /* SceneDelegate.swift */ = {isa = PBXFileReference; lastKnownFileType = sourcecode.swift; path = SceneDelegate.swift; sourceTree = "<group>"; };
		8F3B1A5323EA971700B8506D /* ContentView.swift */ = {isa = PBXFileReference; lastKnownFileType = sourcecode.swift; path = ContentView.swift; sourceTree = "<group>"; };
		8F3B1A5523EA971800B8506D /* Assets.xcassets */ = {isa = PBXFileReference; lastKnownFileType = folder.assetcatalog; path = Assets.xcassets; sourceTree = "<group>"; };
		8F3B1A5823EA971800B8506D /* Preview Assets.xcassets */ = {isa = PBXFileReference; lastKnownFileType = folder.assetcatalog; path = "Preview Assets.xcassets"; sourceTree = "<group>"; };
		8F3B1A5B23EA971800B8506D /* Base */ = {isa = PBXFileReference; lastKnownFileType = file.storyboard; name = Base; path = Base.lproj/LaunchScreen.storyboard; sourceTree = "<group>"; };
		8F3B1A5D23EA971800B8506D /* Info.plist */ = {isa = PBXFileReference; lastKnownFileType = text.plist.xml; path = Info.plist; sourceTree = "<group>"; };
		8F3B1A6623EA9DCD00B8506D /* PageViewController_Rep.swift */ = {isa = PBXFileReference; lastKnownFileType = sourcecode.swift; path = PageViewController_Rep.swift; sourceTree = "<group>"; };
		8F3B1A6823EA9E2E00B8506D /* PageControl_Rep.swift */ = {isa = PBXFileReference; lastKnownFileType = sourcecode.swift; path = PageControl_Rep.swift; sourceTree = "<group>"; };
		8F3B1A6C23EA9E9C00B8506D /* OnBoardingView.swift */ = {isa = PBXFileReference; lastKnownFileType = sourcecode.swift; path = OnBoardingView.swift; sourceTree = "<group>"; };
		8F3B1A6E23EA9FF500B8506D /* OnBoardingView_Subviews.swift */ = {isa = PBXFileReference; lastKnownFileType = sourcecode.swift; path = OnBoardingView_Subviews.swift; sourceTree = "<group>"; };
		8F3B1A7323EAA18D00B8506D /* SchoolCode_SignUp.swift */ = {isa = PBXFileReference; lastKnownFileType = sourcecode.swift; path = SchoolCode_SignUp.swift; sourceTree = "<group>"; };
		8F3B1A7523EAA1A100B8506D /* Email_SignUp.swift */ = {isa = PBXFileReference; lastKnownFileType = sourcecode.swift; path = Email_SignUp.swift; sourceTree = "<group>"; };
		8F3B1A7723EAA1AF00B8506D /* Password_SignUp.swift */ = {isa = PBXFileReference; lastKnownFileType = sourcecode.swift; path = Password_SignUp.swift; sourceTree = "<group>"; };
		8F3B1A7923EAA1BD00B8506D /* Username_SignUp.swift */ = {isa = PBXFileReference; lastKnownFileType = sourcecode.swift; path = Username_SignUp.swift; sourceTree = "<group>"; };
		8F3B1A7C23EAA25100B8506D /* Email_SignIn.swift */ = {isa = PBXFileReference; lastKnownFileType = sourcecode.swift; path = Email_SignIn.swift; sourceTree = "<group>"; };
/* End PBXFileReference section */

/* Begin PBXFrameworksBuildPhase section */
		8F3B1A4923EA971700B8506D /* Frameworks */ = {
			isa = PBXFrameworksBuildPhase;
			buildActionMask = 2147483647;
			files = (
			);
			runOnlyForDeploymentPostprocessing = 0;
		};
/* End PBXFrameworksBuildPhase section */

/* Begin PBXGroup section */
		8F3B1A4323EA971700B8506D = {
			isa = PBXGroup;
			children = (
				8F3B1A4E23EA971700B8506D /* WorkYourBrain008 */,
				8F3B1A4D23EA971700B8506D /* Products */,
			);
			sourceTree = "<group>";
		};
		8F3B1A4D23EA971700B8506D /* Products */ = {
			isa = PBXGroup;
			children = (
				8F3B1A4C23EA971700B8506D /* WorkYourBrain008.app */,
			);
			name = Products;
			sourceTree = "<group>";
		};
		8F3B1A4E23EA971700B8506D /* WorkYourBrain008 */ = {
			isa = PBXGroup;
			children = (
				8F3B1A7B23EAA23800B8506D /* SignInViews */,
				8F3B1A7223EAA15600B8506D /* SignUpViews */,
				8F3B1A6523EA9D9E00B8506D /* LandingPage_Handlers */,
				8F3B1A6423EA97FA00B8506D /* LandingPage */,
				8F3B1A4F23EA971700B8506D /* AppDelegate.swift */,
				8F3B1A5123EA971700B8506D /* SceneDelegate.swift */,
				8F3B1A5323EA971700B8506D /* ContentView.swift */,
				8F3B1A5523EA971800B8506D /* Assets.xcassets */,
				8F3B1A5A23EA971800B8506D /* LaunchScreen.storyboard */,
				8F3B1A5D23EA971800B8506D /* Info.plist */,
				8F3B1A5723EA971800B8506D /* Preview Content */,
			);
			path = WorkYourBrain008;
			sourceTree = "<group>";
		};
		8F3B1A5723EA971800B8506D /* Preview Content */ = {
			isa = PBXGroup;
			children = (
				8F3B1A5823EA971800B8506D /* Preview Assets.xcassets */,
			);
			path = "Preview Content";
			sourceTree = "<group>";
		};
		8F3B1A6423EA97FA00B8506D /* LandingPage */ = {
			isa = PBXGroup;
			children = (
				8F3B1A6C23EA9E9C00B8506D /* OnBoardingView.swift */,
			);
			path = LandingPage;
			sourceTree = "<group>";
		};
		8F3B1A6523EA9D9E00B8506D /* LandingPage_Handlers */ = {
			isa = PBXGroup;
			children = (
				8F3B1A6623EA9DCD00B8506D /* PageViewController_Rep.swift */,
				8F3B1A6823EA9E2E00B8506D /* PageControl_Rep.swift */,
				8F3B1A6E23EA9FF500B8506D /* OnBoardingView_Subviews.swift */,
			);
			path = LandingPage_Handlers;
			sourceTree = "<group>";
		};
		8F3B1A7223EAA15600B8506D /* SignUpViews */ = {
			isa = PBXGroup;
			children = (
				8F3B1A7323EAA18D00B8506D /* SchoolCode_SignUp.swift */,
				8F3B1A7523EAA1A100B8506D /* Email_SignUp.swift */,
				8F3B1A7723EAA1AF00B8506D /* Password_SignUp.swift */,
				8F3B1A7923EAA1BD00B8506D /* Username_SignUp.swift */,
			);
			path = SignUpViews;
			sourceTree = "<group>";
		};
		8F3B1A7B23EAA23800B8506D /* SignInViews */ = {
			isa = PBXGroup;
			children = (
				8F3B1A7C23EAA25100B8506D /* Email_SignIn.swift */,
			);
			path = SignInViews;
			sourceTree = "<group>";
		};
/* End PBXGroup section */

/* Begin PBXNativeTarget section */
		8F3B1A4B23EA971700B8506D /* WorkYourBrain008 */ = {
			isa = PBXNativeTarget;
			buildConfigurationList = 8F3B1A6023EA971800B8506D /* Build configuration list for PBXNativeTarget "WorkYourBrain008" */;
			buildPhases = (
				8F3B1A4823EA971700B8506D /* Sources */,
				8F3B1A4923EA971700B8506D /* Frameworks */,
				8F3B1A4A23EA971700B8506D /* Resources */,
			);
			buildRules = (
			);
			dependencies = (
			);
			name = WorkYourBrain008;
			productName = WorkYourBrain008;
			productReference = 8F3B1A4C23EA971700B8506D /* WorkYourBrain008.app */;
			productType = "com.apple.product-type.application";
		};
/* End PBXNativeTarget section */

/* Begin PBXProject section */
		8F3B1A4423EA971700B8506D /* Project object */ = {
			isa = PBXProject;
			attributes = {
				LastSwiftUpdateCheck = 1130;
				LastUpgradeCheck = 1130;
				ORGANIZATIONNAME = "Cesar Almendarez";
				TargetAttributes = {
					8F3B1A4B23EA971700B8506D = {
						CreatedOnToolsVersion = 11.3.1;
					};
				};
			};
			buildConfigurationList = 8F3B1A4723EA971700B8506D /* Build configuration list for PBXProject "WorkYourBrain008" */;
			compatibilityVersion = "Xcode 9.3";
			developmentRegion = en;
			hasScannedForEncodings = 0;
			knownRegions = (
				en,
				Base,
			);
			mainGroup = 8F3B1A4323EA971700B8506D;
			productRefGroup = 8F3B1A4D23EA971700B8506D /* Products */;
			projectDirPath = "";
			projectRoot = "";
			targets = (
				8F3B1A4B23EA971700B8506D /* WorkYourBrain008 */,
			);
		};
/* End PBXProject section */

/* Begin PBXResourcesBuildPhase section */
		8F3B1A4A23EA971700B8506D /* Resources */ = {
			isa = PBXResourcesBuildPhase;
			buildActionMask = 2147483647;
			files = (
				8F3B1A5C23EA971800B8506D /* LaunchScreen.storyboard in Resources */,
				8F3B1A5923EA971800B8506D /* Preview Assets.xcassets in Resources */,
				8F3B1A5623EA971800B8506D /* Assets.xcassets in Resources */,
			);
			runOnlyForDeploymentPostprocessing = 0;
		};
/* End PBXResourcesBuildPhase section */

/* Begin PBXSourcesBuildPhase section */
		8F3B1A4823EA971700B8506D /* Sources */ = {
			isa = PBXSourcesBuildPhase;
			buildActionMask = 2147483647;
			files = (
				8F3B1A5023EA971700B8506D /* AppDelegate.swift in Sources */,
				8F3B1A6F23EA9FF500B8506D /* OnBoardingView_Subviews.swift in Sources */,
				8F3B1A7423EAA18D00B8506D /* SchoolCode_SignUp.swift in Sources */,
				8F3B1A6723EA9DCD00B8506D /* PageViewController_Rep.swift in Sources */,
				8F3B1A5223EA971700B8506D /* SceneDelegate.swift in Sources */,
				8F3B1A7623EAA1A100B8506D /* Email_SignUp.swift in Sources */,
				8F3B1A6D23EA9E9C00B8506D /* OnBoardingView.swift in Sources */,
				8F3B1A6923EA9E2E00B8506D /* PageControl_Rep.swift in Sources */,
				8F3B1A7A23EAA1BD00B8506D /* Username_SignUp.swift in Sources */,
				8F3B1A7823EAA1AF00B8506D /* Password_SignUp.swift in Sources */,
				8F3B1A5423EA971700B8506D /* ContentView.swift in Sources */,
				8F3B1A7D23EAA25100B8506D /* Email_SignIn.swift in Sources */,
			);
			runOnlyForDeploymentPostprocessing = 0;
		};
/* End PBXSourcesBuildPhase section */

/* Begin PBXVariantGroup section */
		8F3B1A5A23EA971800B8506D /* LaunchScreen.storyboard */ = {
			isa = PBXVariantGroup;
			children = (
				8F3B1A5B23EA971800B8506D /* Base */,
			);
			name = LaunchScreen.storyboard;
			sourceTree = "<group>";
		};
/* End PBXVariantGroup section */

/* Begin XCBuildConfiguration section */
		8F3B1A5E23EA971800B8506D /* Debug */ = {
			isa = XCBuildConfiguration;
			buildSettings = {
				ALWAYS_SEARCH_USER_PATHS = NO;
				CLANG_ANALYZER_NONNULL = YES;
				CLANG_ANALYZER_NUMBER_OBJECT_CONVERSION = YES_AGGRESSIVE;
				CLANG_CXX_LANGUAGE_STANDARD = "gnu++14";
				CLANG_CXX_LIBRARY = "libc++";
				CLANG_ENABLE_MODULES = YES;
				CLANG_ENABLE_OBJC_ARC = YES;
				CLANG_ENABLE_OBJC_WEAK = YES;
				CLANG_WARN_BLOCK_CAPTURE_AUTORELEASING = YES;
				CLANG_WARN_BOOL_CONVERSION = YES;
				CLANG_WARN_COMMA = YES;
				CLANG_WARN_CONSTANT_CONVERSION = YES;
				CLANG_WARN_DEPRECATED_OBJC_IMPLEMENTATIONS = YES;
				CLANG_WARN_DIRECT_OBJC_ISA_USAGE = YES_ERROR;
				CLANG_WARN_DOCUMENTATION_COMMENTS = YES;
				CLANG_WARN_EMPTY_BODY = YES;
				CLANG_WARN_ENUM_CONVERSION = YES;
				CLANG_WARN_INFINITE_RECURSION = YES;
				CLANG_WARN_INT_CONVERSION = YES;
				CLANG_WARN_NON_LITERAL_NULL_CONVERSION = YES;
				CLANG_WARN_OBJC_IMPLICIT_RETAIN_SELF = YES;
				CLANG_WARN_OBJC_LITERAL_CONVERSION = YES;
				CLANG_WARN_OBJC_ROOT_CLASS = YES_ERROR;
				CLANG_WARN_RANGE_LOOP_ANALYSIS = YES;
				CLANG_WARN_STRICT_PROTOTYPES = YES;
				CLANG_WARN_SUSPICIOUS_MOVE = YES;
				CLANG_WARN_UNGUARDED_AVAILABILITY = YES_AGGRESSIVE;
				CLANG_WARN_UNREACHABLE_CODE = YES;
				CLANG_WARN__DUPLICATE_METHOD_MATCH = YES;
				COPY_PHASE_STRIP = NO;
				DEBUG_INFORMATION_FORMAT = dwarf;
				ENABLE_STRICT_OBJC_MSGSEND = YES;
				ENABLE_TESTABILITY = YES;
				GCC_C_LANGUAGE_STANDARD = gnu11;
				GCC_DYNAMIC_NO_PIC = NO;
				GCC_NO_COMMON_BLOCKS = YES;
				GCC_OPTIMIZATION_LEVEL = 0;
				GCC_PREPROCESSOR_DEFINITIONS = (
					"DEBUG=1",
					"$(inherited)",
				);
				GCC_WARN_64_TO_32_BIT_CONVERSION = YES;
				GCC_WARN_ABOUT_RETURN_TYPE = YES_ERROR;
				GCC_WARN_UNDECLARED_SELECTOR = YES;
				GCC_WARN_UNINITIALIZED_AUTOS = YES_AGGRESSIVE;
				GCC_WARN_UNUSED_FUNCTION = YES;
				GCC_WARN_UNUSED_VARIABLE = YES;
				IPHONEOS_DEPLOYMENT_TARGET = 13.2;
				MTL_ENABLE_DEBUG_INFO = INCLUDE_SOURCE;
				MTL_FAST_MATH = YES;
				ONLY_ACTIVE_ARCH = YES;
				SDKROOT = iphoneos;
				SWIFT_ACTIVE_COMPILATION_CONDITIONS = DEBUG;
				SWIFT_OPTIMIZATION_LEVEL = "-Onone";
			};
			name = Debug;
		};
		8F3B1A5F23EA971800B8506D /* Release */ = {
			isa = XCBuildConfiguration;
			buildSettings = {
				ALWAYS_SEARCH_USER_PATHS = NO;
				CLANG_ANALYZER_NONNULL = YES;
				CLANG_ANALYZER_NUMBER_OBJECT_CONVERSION = YES_AGGRESSIVE;
				CLANG_CXX_LANGUAGE_STANDARD = "gnu++14";
				CLANG_CXX_LIBRARY = "libc++";
				CLANG_ENABLE_MODULES = YES;
				CLANG_ENABLE_OBJC_ARC = YES;
				CLANG_ENABLE_OBJC_WEAK = YES;
				CLANG_WARN_BLOCK_CAPTURE_AUTORELEASING = YES;
				CLANG_WARN_BOOL_CONVERSION = YES;
				CLANG_WARN_COMMA = YES;
				CLANG_WARN_CONSTANT_CONVERSION = YES;
				CLANG_WARN_DEPRECATED_OBJC_IMPLEMENTATIONS = YES;
				CLANG_WARN_DIRECT_OBJC_ISA_USAGE = YES_ERROR;
				CLANG_WARN_DOCUMENTATION_COMMENTS = YES;
				CLANG_WARN_EMPTY_BODY = YES;
				CLANG_WARN_ENUM_CONVERSION = YES;
				CLANG_WARN_INFINITE_RECURSION = YES;
				CLANG_WARN_INT_CONVERSION = YES;
				CLANG_WARN_NON_LITERAL_NULL_CONVERSION = YES;
				CLANG_WARN_OBJC_IMPLICIT_RETAIN_SELF = YES;
				CLANG_WARN_OBJC_LITERAL_CONVERSION = YES;
				CLANG_WARN_OBJC_ROOT_CLASS = YES_ERROR;
				CLANG_WARN_RANGE_LOOP_ANALYSIS = YES;
				CLANG_WARN_STRICT_PROTOTYPES = YES;
				CLANG_WARN_SUSPICIOUS_MOVE = YES;
				CLANG_WARN_UNGUARDED_AVAILABILITY = YES_AGGRESSIVE;
				CLANG_WARN_UNREACHABLE_CODE = YES;
				CLANG_WARN__DUPLICATE_METHOD_MATCH = YES;
				COPY_PHASE_STRIP = NO;
				DEBUG_INFORMATION_FORMAT = "dwarf-with-dsym";
				ENABLE_NS_ASSERTIONS = NO;
				ENABLE_STRICT_OBJC_MSGSEND = YES;
				GCC_C_LANGUAGE_STANDARD = gnu11;
				GCC_NO_COMMON_BLOCKS = YES;
				GCC_WARN_64_TO_32_BIT_CONVERSION = YES;
				GCC_WARN_ABOUT_RETURN_TYPE = YES_ERROR;
				GCC_WARN_UNDECLARED_SELECTOR = YES;
				GCC_WARN_UNINITIALIZED_AUTOS = YES_AGGRESSIVE;
				GCC_WARN_UNUSED_FUNCTION = YES;
				GCC_WARN_UNUSED_VARIABLE = YES;
				IPHONEOS_DEPLOYMENT_TARGET = 13.2;
				MTL_ENABLE_DEBUG_INFO = NO;
				MTL_FAST_MATH = YES;
				SDKROOT = iphoneos;
				SWIFT_COMPILATION_MODE = wholemodule;
				SWIFT_OPTIMIZATION_LEVEL = "-O";
				VALIDATE_PRODUCT = YES;
			};
			name = Release;
		};
		8F3B1A6123EA971800B8506D /* Debug */ = {
			isa = XCBuildConfiguration;
			buildSettings = {
				ASSETCATALOG_COMPILER_APPICON_NAME = AppIcon;
				CODE_SIGN_STYLE = Automatic;
				DEVELOPMENT_ASSET_PATHS = "\"WorkYourBrain008/Preview Content\"";
				DEVELOPMENT_TEAM = 82BR6DK9NJ;
				ENABLE_PREVIEWS = YES;
				INFOPLIST_FILE = WorkYourBrain008/Info.plist;
				LD_RUNPATH_SEARCH_PATHS = (
					"$(inherited)",
					"@executable_path/Frameworks",
				);
				PRODUCT_BUNDLE_IDENTIFIER = com.BesarProductions.WorkYourBrain008;
				PRODUCT_NAME = "$(TARGET_NAME)";
				SWIFT_VERSION = 5.0;
				TARGETED_DEVICE_FAMILY = "1,2";
			};
			name = Debug;
		};
		8F3B1A6223EA971800B8506D /* Release */ = {
			isa = XCBuildConfiguration;
			buildSettings = {
				ASSETCATALOG_COMPILER_APPICON_NAME = AppIcon;
				CODE_SIGN_STYLE = Automatic;
				DEVELOPMENT_ASSET_PATHS = "\"WorkYourBrain008/Preview Content\"";
				DEVELOPMENT_TEAM = 82BR6DK9NJ;
				ENABLE_PREVIEWS = YES;
				INFOPLIST_FILE = WorkYourBrain008/Info.plist;
				LD_RUNPATH_SEARCH_PATHS = (
					"$(inherited)",
					"@executable_path/Frameworks",
				);
				PRODUCT_BUNDLE_IDENTIFIER = com.BesarProductions.WorkYourBrain008;
				PRODUCT_NAME = "$(TARGET_NAME)";
				SWIFT_VERSION = 5.0;
				TARGETED_DEVICE_FAMILY = "1,2";
			};
			name = Release;
		};
/* End XCBuildConfiguration section */

/* Begin XCConfigurationList section */
		8F3B1A4723EA971700B8506D /* Build configuration list for PBXProject "WorkYourBrain008" */ = {
			isa = XCConfigurationList;
			buildConfigurations = (
				8F3B1A5E23EA971800B8506D /* Debug */,
				8F3B1A5F23EA971800B8506D /* Release */,
			);
			defaultConfigurationIsVisible = 0;
			defaultConfigurationName = Release;
		};
		8F3B1A6023EA971800B8506D /* Build configuration list for PBXNativeTarget "WorkYourBrain008" */ = {
			isa = XCConfigurationList;
			buildConfigurations = (
				8F3B1A6123EA971800B8506D /* Debug */,
				8F3B1A6223EA971800B8506D /* Release */,
			);
			defaultConfigurationIsVisible = 0;
			defaultConfigurationName = Release;
		};
/* End XCConfigurationList section */
	};
	rootObject = 8F3B1A4423EA971700B8506D /* Project object */;
}
